<?xml version="1.0" encoding="utf-8"?>
<Project ToolsVersion="4.0" xmlns="http://schemas.microsoft.com/developer/msbuild/2003">
  <ItemGroup>
    <ClCompile Include="Main.cpp" />
  </ItemGroup>
  <ItemGroup>
    <Filter Include="ALDS1">
      <UniqueIdentifier>{41b94c94-ddfc-4b31-9049-f7aaf3f73794}</UniqueIdentifier>
    </Filter>
    <Filter Include="ALDS1\6">
      <UniqueIdentifier>{40b0bbc4-30c8-41bc-812f-77da26f8b164}</UniqueIdentifier>
    </Filter>
    <Filter Include="ALDS1\7">
      <UniqueIdentifier>{c82492b0-9583-4aa2-ae8f-a870e4cfad62}</UniqueIdentifier>
    </Filter>
    <Filter Include="ALDS1\8">
      <UniqueIdentifier>{28b94f82-b58d-4d92-8fbd-3b7f646c6dfb}</UniqueIdentifier>
    </Filter>
    <Filter Include="ALDS1\9">
      <UniqueIdentifier>{2bf24b73-1640-4f2c-a5f2-014386efde14}</UniqueIdentifier>
    </Filter>
    <Filter Include="ALDS1\10">
      <UniqueIdentifier>{f3eec075-b238-46c4-a5bc-c238e34d8a6d}</UniqueIdentifier>
    </Filter>
    <Filter Include="ALDS1\11">
      <UniqueIdentifier>{a93d1517-daeb-468f-ba30-25b10ed57edd}</UniqueIdentifier>
    </Filter>
  </ItemGroup>
  <ItemGroup>
    <ClInclude Include="AOJ\ALDS1\6\ALDS1_6_A_CountingSort.hpp">
      <Filter>ALDS1\6</Filter>
    </ClInclude>
    <ClInclude Include="AOJ\ALDS1\6\ALDS1_6_B_Partition.hpp">
      <Filter>ALDS1\6</Filter>
    </ClInclude>
    <ClInclude Include="AOJ\ALDS1\6\ALDS1_6_C_QuickSort.hpp">
      <Filter>ALDS1\6</Filter>
    </ClInclude>
    <ClInclude Include="AOJ\ALDS1\6\ALDS1_6_D_MinimumCostSort.hpp">
      <Filter>ALDS1\6</Filter>
    </ClInclude>
    <ClInclude Include="AOJ\ALDS1\7\ALDS1_7_A_RootedTrees.hpp">
      <Filter>ALDS1\7</Filter>
    </ClInclude>
    <ClInclude Include="AOJ\ALDS1\7\ALDS1_7_B_BinaryTrees.hpp">
      <Filter>ALDS1\7</Filter>
    </ClInclude>
    <ClInclude Include="AOJ\ALDS1\7\ALDS1_7_C_TreeWalk.hpp">
      <Filter>ALDS1\7</Filter>
    </ClInclude>
    <ClInclude Include="AOJ\ALDS1\7\ALDS1_7_D_ReconstructionOfATree.hpp">
      <Filter>ALDS1\7</Filter>
    </ClInclude>
    <ClInclude Include="AOJ\ALDS1\8\ALDS1_8_A_BinarySearchTree1.hpp">
      <Filter>ALDS1\8</Filter>
    </ClInclude>
    <ClInclude Include="AOJ\ALDS1\8\ALDS1_8_B_BinarySearchTree2.hpp">
      <Filter>ALDS1\8</Filter>
    </ClInclude>
    <ClInclude Include="AOJ\ALDS1\8\ALDS1_8_C_BinarySearchTree3.hpp">
      <Filter>ALDS1\8</Filter>
    </ClInclude>
    <ClInclude Include="AOJ\ALDS1\9\ALDS1_9_A_CompleteBinaryTree.hpp">
      <Filter>ALDS1\9</Filter>
    </ClInclude>
    <ClInclude Include="AOJ\ALDS1\9\ALDS1_9_B_MaximumHeap.hpp">
      <Filter>ALDS1\9</Filter>
    </ClInclude>
    <ClInclude Include="AOJ\ALDS1\9\ALDS1_9_C_PriorityQueue.hpp">
      <Filter>ALDS1\9</Filter>
    </ClInclude>
    <ClInclude Include="AOJ\ALDS1\10\ALDS1_10_A_DP_Fibonacci.hpp">
      <Filter>ALDS1\10</Filter>
    </ClInclude>
    <ClInclude Include="AOJ\ALDS1\10\ALDS1_10_B_DP_Matrix.hpp">
      <Filter>ALDS1\10</Filter>
    </ClInclude>
    <ClInclude Include="AOJ\ALDS1\10\ALDS1_10_C_DP_LCS.hpp">
      <Filter>ALDS1\10</Filter>
    </ClInclude>
  </ItemGroup>
</Project>