<?xml version="1.0" encoding="utf-8"?>
<Project ToolsVersion="4.0" xmlns="http://schemas.microsoft.com/developer/msbuild/2003">
  <ItemGroup>
    <ClCompile Include="Main.cpp" />
  </ItemGroup>
  <ItemGroup>
    <ClInclude Include="AOJ\ALDS1\ALDS1_10_C_DP_LCS.hpp">
      <Filter>ALDS1</Filter>
    </ClInclude>
    <ClInclude Include="AOJ\ALDS1\ALDS1_10_A_DP_Fibonacci.hpp">
      <Filter>ALDS1</Filter>
    </ClInclude>
    <ClInclude Include="AOJ\ALDS1\ALDS1_10_B_DP_Matrix.hpp">
      <Filter>ALDS1</Filter>
    </ClInclude>
    <ClInclude Include="AOJ\ALDS1\ALDS1_6_A_CountingSort.hpp">
      <Filter>ALDS1</Filter>
    </ClInclude>
    <ClInclude Include="AOJ\ALDS1\ALDS1_6_B_Partition.hpp">
      <Filter>ALDS1</Filter>
    </ClInclude>
    <ClInclude Include="AOJ\ALDS1\ALDS1_6_C_QuickSort.hpp">
      <Filter>ALDS1</Filter>
    </ClInclude>
    <ClInclude Include="AOJ\ALDS1\ALDS1_6_D_MinimumCostSort.hpp">
      <Filter>ALDS1</Filter>
    </ClInclude>
    <ClInclude Include="AOJ\ALDS1\ALDS1_7_A_RootedTrees.hpp">
      <Filter>ALDS1</Filter>
    </ClInclude>
    <ClInclude Include="AOJ\ALDS1\ALDS1_7_B_BinaryTrees.hpp">
      <Filter>ALDS1</Filter>
    </ClInclude>
    <ClInclude Include="AOJ\ALDS1\ALDS1_7_C_TreeWalk.hpp">
      <Filter>ALDS1</Filter>
    </ClInclude>
    <ClInclude Include="AOJ\ALDS1\ALDS1_7_D_ReconstructionOfATree.hpp">
      <Filter>ALDS1</Filter>
    </ClInclude>
  </ItemGroup>
  <ItemGroup>
    <Filter Include="ALDS1">
      <UniqueIdentifier>{41b94c94-ddfc-4b31-9049-f7aaf3f73794}</UniqueIdentifier>
    </Filter>
  </ItemGroup>
</Project>