<?xml version="1.0" encoding="utf-8"?>
<Project ToolsVersion="4.0" xmlns="http://schemas.microsoft.com/developer/msbuild/2003">
  <ItemGroup>
    <ClCompile Include="Main.cpp" />
    <ClCompile Include="TechFUL\TechFUL_Hackathon_02\01_Polygon.hpp">
      <Filter>TechFUL\TechFUL_Hackathon_02</Filter>
    </ClCompile>
  </ItemGroup>
  <ItemGroup>
    <Filter Include="TechFUL">
      <UniqueIdentifier>{a8dd04fe-3d04-442f-94e1-3e119dca7629}</UniqueIdentifier>
    </Filter>
    <Filter Include="TechFUL\01_Beginner">
      <UniqueIdentifier>{b79ee2a3-0f06-4e12-83b0-e2dd2a4440fe}</UniqueIdentifier>
    </Filter>
    <Filter Include="TechFUL\02_Intermediate">
      <UniqueIdentifier>{d2049911-954d-41a9-abc1-44701c08f0be}</UniqueIdentifier>
    </Filter>
    <Filter Include="TechFUL\03_Advanced">
      <UniqueIdentifier>{4b846c17-8819-4bbe-9d8c-79d8c68eba32}</UniqueIdentifier>
    </Filter>
    <Filter Include="Thread">
      <UniqueIdentifier>{5c85c595-97f4-4b13-83e7-3e6a8692bb48}</UniqueIdentifier>
    </Filter>
    <Filter Include="TechFUL\TechFUL_Hackathon_01">
      <UniqueIdentifier>{71fe6f3b-705d-4138-bb44-b0ca6fa790c6}</UniqueIdentifier>
    </Filter>
    <Filter Include="AtCoder">
      <UniqueIdentifier>{e8780b11-54d7-463b-846b-06870eb8739b}</UniqueIdentifier>
    </Filter>
    <Filter Include="AtCoder\ABC">
      <UniqueIdentifier>{1e7d2bf2-ec9b-4e65-8045-5dbd465a2864}</UniqueIdentifier>
    </Filter>
    <Filter Include="AtCoder\ABC\095">
      <UniqueIdentifier>{0ba9a49b-3895-4971-9b70-4c30076edf26}</UniqueIdentifier>
    </Filter>
    <Filter Include="AtCoder\AGC">
      <UniqueIdentifier>{5a477bde-ef8f-47e6-89eb-1f33f3f045ce}</UniqueIdentifier>
    </Filter>
    <Filter Include="AtCoder\AGC\023">
      <UniqueIdentifier>{9c3d79c3-103f-443a-9e73-d95d96f91cd6}</UniqueIdentifier>
    </Filter>
    <Filter Include="AOJ">
      <UniqueIdentifier>{0635fb5a-e3bf-44d7-9f1a-3ab36b4a368f}</UniqueIdentifier>
    </Filter>
    <Filter Include="AOJ\GRL">
      <UniqueIdentifier>{a961a810-57f8-4cb6-8620-ca60e1789c40}</UniqueIdentifier>
    </Filter>
    <Filter Include="AOJ\ALDS1">
      <UniqueIdentifier>{41b94c94-ddfc-4b31-9049-f7aaf3f73794}</UniqueIdentifier>
    </Filter>
    <Filter Include="AOJ\ALDS1\6_SortII">
      <UniqueIdentifier>{40b0bbc4-30c8-41bc-812f-77da26f8b164}</UniqueIdentifier>
    </Filter>
    <Filter Include="AOJ\ALDS1\7_Tree">
      <UniqueIdentifier>{c82492b0-9583-4aa2-ae8f-a870e4cfad62}</UniqueIdentifier>
    </Filter>
    <Filter Include="AOJ\ALDS1\8_BinarySearchTree">
      <UniqueIdentifier>{28b94f82-b58d-4d92-8fbd-3b7f646c6dfb}</UniqueIdentifier>
    </Filter>
    <Filter Include="AOJ\ALDS1\9_Heaps">
      <UniqueIdentifier>{2bf24b73-1640-4f2c-a5f2-014386efde14}</UniqueIdentifier>
    </Filter>
    <Filter Include="AOJ\ALDS1\10_DynamicProgramming">
      <UniqueIdentifier>{f3eec075-b238-46c4-a5bc-c238e34d8a6d}</UniqueIdentifier>
    </Filter>
    <Filter Include="AOJ\ALDS1\11_GraphI">
      <UniqueIdentifier>{a93d1517-daeb-468f-ba30-25b10ed57edd}</UniqueIdentifier>
    </Filter>
    <Filter Include="AOJ\ALDS1\12_GraphII">
      <UniqueIdentifier>{d58682da-20f5-4e44-9dbe-6d2b8420119b}</UniqueIdentifier>
    </Filter>
    <Filter Include="AOJ\GRL\01_ShortestPath">
      <UniqueIdentifier>{69f3e113-cd89-473a-b118-0938da3e18c9}</UniqueIdentifier>
    </Filter>
    <Filter Include="AOJ\GRL\04_Path_Cycle">
      <UniqueIdentifier>{928a96e1-2d19-4f05-87ab-10764ab8f144}</UniqueIdentifier>
    </Filter>
    <Filter Include="AtCoder\AtCoder Beginners Selection">
      <UniqueIdentifier>{29ddec0a-a020-4ac1-bd69-ce41d9f7b066}</UniqueIdentifier>
    </Filter>
    <Filter Include="DP">
      <UniqueIdentifier>{d29a7140-2855-4d84-82a2-7b45b2cd526d}</UniqueIdentifier>
    </Filter>
    <Filter Include="AOJ\DPL">
      <UniqueIdentifier>{8d6163ee-92dc-46e8-a1a5-5da366199bbf}</UniqueIdentifier>
    </Filter>
    <Filter Include="AOJ\DPL\01_Combinatiorial">
      <UniqueIdentifier>{d84fd3a9-7f0f-40c9-a3c0-e1eaa42b5991}</UniqueIdentifier>
    </Filter>
    <Filter Include="TechFUL\TechFUL_Hackathon_02">
      <UniqueIdentifier>{e092f210-7903-4e29-a4e9-234f2e57e3ef}</UniqueIdentifier>
    </Filter>
  </ItemGroup>
  <ItemGroup>
    <ClInclude Include="AOJ\ALDS1\6_SortII\A_CountingSort.hpp">
      <Filter>AOJ\ALDS1\6_SortII</Filter>
    </ClInclude>
    <ClInclude Include="AOJ\ALDS1\6_SortII\B_Partition.hpp">
      <Filter>AOJ\ALDS1\6_SortII</Filter>
    </ClInclude>
    <ClInclude Include="AOJ\ALDS1\6_SortII\C_QuickSort.hpp">
      <Filter>AOJ\ALDS1\6_SortII</Filter>
    </ClInclude>
    <ClInclude Include="AOJ\ALDS1\6_SortII\D_MinimumCostSort.hpp">
      <Filter>AOJ\ALDS1\6_SortII</Filter>
    </ClInclude>
    <ClInclude Include="AOJ\ALDS1\7_Tree\A_RootedTrees.hpp">
      <Filter>AOJ\ALDS1\7_Tree</Filter>
    </ClInclude>
    <ClInclude Include="AOJ\ALDS1\7_Tree\B_BinaryTrees.hpp">
      <Filter>AOJ\ALDS1\7_Tree</Filter>
    </ClInclude>
    <ClInclude Include="AOJ\ALDS1\7_Tree\C_TreeWalk.hpp">
      <Filter>AOJ\ALDS1\7_Tree</Filter>
    </ClInclude>
    <ClInclude Include="AOJ\ALDS1\7_Tree\D_ReconstructionOfATree.hpp">
      <Filter>AOJ\ALDS1\7_Tree</Filter>
    </ClInclude>
    <ClInclude Include="AOJ\ALDS1\8_BinarySearchTrees\C_BinarySearchTree3.hpp">
      <Filter>AOJ\ALDS1\8_BinarySearchTree</Filter>
    </ClInclude>
    <ClInclude Include="AOJ\ALDS1\8_BinarySearchTrees\A_BinarySearchTree1.hpp">
      <Filter>AOJ\ALDS1\8_BinarySearchTree</Filter>
    </ClInclude>
    <ClInclude Include="AOJ\ALDS1\8_BinarySearchTrees\B_BinarySearchTree2.hpp">
      <Filter>AOJ\ALDS1\8_BinarySearchTree</Filter>
    </ClInclude>
    <ClInclude Include="AOJ\ALDS1\9_Heaps\B_MaximumHeap.hpp">
      <Filter>AOJ\ALDS1\9_Heaps</Filter>
    </ClInclude>
    <ClInclude Include="AOJ\ALDS1\9_Heaps\C_PriorityQueue.hpp">
      <Filter>AOJ\ALDS1\9_Heaps</Filter>
    </ClInclude>
    <ClInclude Include="AOJ\ALDS1\9_Heaps\A_CompleteBinaryTree.hpp">
      <Filter>AOJ\ALDS1\9_Heaps</Filter>
    </ClInclude>
    <ClInclude Include="AOJ\ALDS1\10_DynamicProgramming\B_DP_Matrix.hpp">
      <Filter>AOJ\ALDS1\10_DynamicProgramming</Filter>
    </ClInclude>
    <ClInclude Include="AOJ\ALDS1\10_DynamicProgramming\C_DP_LCS.hpp">
      <Filter>AOJ\ALDS1\10_DynamicProgramming</Filter>
    </ClInclude>
    <ClInclude Include="AOJ\ALDS1\10_DynamicProgramming\A_DP_Fibonacci.hpp">
      <Filter>AOJ\ALDS1\10_DynamicProgramming</Filter>
    </ClInclude>
    <ClInclude Include="AOJ\ALDS1\11_GraphI\A_Graph.hpp">
      <Filter>AOJ\ALDS1\11_GraphI</Filter>
    </ClInclude>
    <ClInclude Include="AOJ\ALDS1\11_GraphI\B_DepthFirstSearch.hpp">
      <Filter>AOJ\ALDS1\11_GraphI</Filter>
    </ClInclude>
    <ClInclude Include="AOJ\ALDS1\11_GraphI\C_BreadthFirstSearch.hpp">
      <Filter>AOJ\ALDS1\11_GraphI</Filter>
    </ClInclude>
    <ClInclude Include="AOJ\ALDS1\11_GraphI\D_ConnectedComponents.hpp">
      <Filter>AOJ\ALDS1\11_GraphI</Filter>
    </ClInclude>
    <ClInclude Include="AOJ\ALDS1\12_GraphII\A_MinimumSpannningTree.hpp">
      <Filter>AOJ\ALDS1\12_GraphII</Filter>
    </ClInclude>
    <ClInclude Include="AOJ\ALDS1\12_GraphII\B_SingleSourceShortestPathI.hpp">
      <Filter>AOJ\ALDS1\12_GraphII</Filter>
    </ClInclude>
    <ClInclude Include="AOJ\ALDS1\12_GraphII\C_SingleSourceShortestPathII.hpp">
      <Filter>AOJ\ALDS1\12_GraphII</Filter>
    </ClInclude>
    <ClInclude Include="TechFUL\01_Beginner\08_SerachString.hpp">
      <Filter>TechFUL\01_Beginner</Filter>
    </ClInclude>
    <ClInclude Include="TechFUL\01_Beginner\21_TotalPrice.hpp">
      <Filter>TechFUL\01_Beginner</Filter>
    </ClInclude>
    <ClInclude Include="TechFUL\01_Beginner\22_comparison.hpp">
      <Filter>TechFUL\01_Beginner</Filter>
    </ClInclude>
    <ClInclude Include="TechFUL\01_Beginner\20_MultipleArithmetrics.hpp">
      <Filter>TechFUL\01_Beginner</Filter>
    </ClInclude>
    <ClInclude Include="TechFUL\01_Beginner\23_sum.hpp">
      <Filter>TechFUL\01_Beginner</Filter>
    </ClInclude>
    <ClInclude Include="TechFUL\01_Beginner\24_PrintSeason.hpp">
      <Filter>TechFUL\01_Beginner</Filter>
    </ClInclude>
    <ClInclude Include="TechFUL\01_Beginner\25_EvenOdd.hpp">
      <Filter>TechFUL\01_Beginner</Filter>
    </ClInclude>
    <ClInclude Include="TechFUL\01_Beginner\26_Hexadecimal.hpp">
      <Filter>TechFUL\01_Beginner</Filter>
    </ClInclude>
    <ClInclude Include="TechFUL\01_Beginner\27_CountNumber.hpp">
      <Filter>TechFUL\01_Beginner</Filter>
    </ClInclude>
    <ClInclude Include="TechFUL\01_Beginner\28_CountAlphabet.hpp">
      <Filter>TechFUL\01_Beginner</Filter>
    </ClInclude>
    <ClInclude Include="TechFUL\01_Beginner\29_DivisionAndMod.hpp">
      <Filter>TechFUL\01_Beginner</Filter>
    </ClInclude>
    <ClInclude Include="TechFUL\01_Beginner\30_CircleCollision.hpp">
      <Filter>TechFUL\01_Beginner</Filter>
    </ClInclude>
    <ClInclude Include="TechFUL\01_Beginner\31_ReplaceString.hpp">
      <Filter>TechFUL\01_Beginner</Filter>
    </ClInclude>
    <ClInclude Include="TechFUL\02_Intermediate\01_ASCII.hpp">
      <Filter>TechFUL\02_Intermediate</Filter>
    </ClInclude>
    <ClInclude Include="TechFUL\02_Intermediate\02_BubbleSort.hpp">
      <Filter>TechFUL\02_Intermediate</Filter>
    </ClInclude>
    <ClInclude Include="TechFUL\02_Intermediate\03_RepotCard.hpp">
      <Filter>TechFUL\02_Intermediate</Filter>
    </ClInclude>
    <ClInclude Include="TechFUL\02_Intermediate\04_Compute.hpp">
      <Filter>TechFUL\02_Intermediate</Filter>
    </ClInclude>
    <ClInclude Include="TechFUL\02_Intermediate\05_Fibonacci.hpp">
      <Filter>TechFUL\02_Intermediate</Filter>
    </ClInclude>
    <ClInclude Include="Thread\TestThread.hpp">
      <Filter>Thread</Filter>
    </ClInclude>
    <ClInclude Include="Thread\TestAsync.hpp">
      <Filter>Thread</Filter>
    </ClInclude>
    <ClInclude Include="Thread\TestPackagedTask.hpp">
      <Filter>Thread</Filter>
    </ClInclude>
    <ClInclude Include="TechFUL\TechFUL_Hackathon_01\02.hpp">
      <Filter>TechFUL\TechFUL_Hackathon_01</Filter>
    </ClInclude>
    <ClInclude Include="TechFUL\TechFUL_Hackathon_01\03.hpp">
      <Filter>TechFUL\TechFUL_Hackathon_01</Filter>
    </ClInclude>
    <ClInclude Include="TechFUL\TechFUL_Hackathon_01\04.hpp">
      <Filter>TechFUL\TechFUL_Hackathon_01</Filter>
    </ClInclude>
    <ClInclude Include="TechFUL\TechFUL_Hackathon_01\05.hpp">
      <Filter>TechFUL\TechFUL_Hackathon_01</Filter>
    </ClInclude>
    <ClInclude Include="TechFUL\TechFUL_Hackathon_01\01.hpp">
      <Filter>TechFUL\TechFUL_Hackathon_01</Filter>
    </ClInclude>
    <ClInclude Include="TechFUL\TechFUL_Hackathon_01\06.hpp">
      <Filter>TechFUL\TechFUL_Hackathon_01</Filter>
    </ClInclude>
    <ClInclude Include="TechFUL\02_Intermediate\06_Eratosthenes.hpp">
      <Filter>TechFUL\02_Intermediate</Filter>
    </ClInclude>
    <ClInclude Include="TechFUL\02_Intermediate\07_stack.hpp">
      <Filter>TechFUL\02_Intermediate</Filter>
    </ClInclude>
    <ClInclude Include="TEST_IO.hpp" />
    <ClInclude Include="AtCoder\AGC\023\A.hpp">
      <Filter>AtCoder\AGC\023</Filter>
    </ClInclude>
    <ClInclude Include="AtCoder\AGC\023\B.hpp">
      <Filter>AtCoder\AGC\023</Filter>
    </ClInclude>
    <ClInclude Include="AtCoder\AGC\023\C.hpp">
      <Filter>AtCoder\AGC\023</Filter>
    </ClInclude>
    <ClInclude Include="AtCoder\AGC\023\D.hpp">
      <Filter>AtCoder\AGC\023</Filter>
    </ClInclude>
    <ClInclude Include="AtCoder\ABC\095\A.hpp">
      <Filter>AtCoder\ABC\095</Filter>
    </ClInclude>
    <ClInclude Include="AtCoder\ABC\095\B.hpp">
      <Filter>AtCoder\ABC\095</Filter>
    </ClInclude>
    <ClInclude Include="AtCoder\ABC\095\C.hpp">
      <Filter>AtCoder\ABC\095</Filter>
    </ClInclude>
    <ClInclude Include="AtCoder\ABC\095\D.hpp">
      <Filter>AtCoder\ABC\095</Filter>
    </ClInclude>
    <ClInclude Include="TechFUL\02_Intermediate\08_FareTable.hpp">
      <Filter>TechFUL\02_Intermediate</Filter>
    </ClInclude>
    <ClInclude Include="TechFUL\02_Intermediate\09_Mean.hpp">
      <Filter>TechFUL\02_Intermediate</Filter>
    </ClInclude>
    <ClInclude Include="AOJ\GRL\01_ShortestPath\C_AllPairsShortestPath.hpp">
      <Filter>AOJ\GRL\01_ShortestPath</Filter>
    </ClInclude>
    <ClInclude Include="AOJ\GRL\01_ShortestPath\A_SingleSourceShortestPath.hpp">
      <Filter>AOJ\GRL\01_ShortestPath</Filter>
    </ClInclude>
    <ClInclude Include="AOJ\GRL\01_ShortestPath\B_SingleSourceShortestPath(NegativeEdges).hpp">
      <Filter>AOJ\GRL\01_ShortestPath</Filter>
    </ClInclude>
    <ClInclude Include="AOJ\GRL\04_Path_Cycle\B_TopologicalSort.hpp">
      <Filter>AOJ\GRL\04_Path_Cycle</Filter>
    </ClInclude>
    <ClInclude Include="TechFUL\02_Intermediate\16_AveragePoint.hpp">
      <Filter>TechFUL\02_Intermediate</Filter>
    </ClInclude>
    <ClInclude Include="TechFUL\02_Intermediate\14_Nim.hpp">
      <Filter>TechFUL\02_Intermediate</Filter>
    </ClInclude>
    <ClInclude Include="AtCoder\AtCoder Beginners Selection\01_PracticeA.hpp">
      <Filter>AtCoder\AtCoder Beginners Selection</Filter>
    </ClInclude>
    <ClInclude Include="Template.hpp" />
    <ClInclude Include="AtCoder\AtCoder Beginners Selection\02_Product.hpp">
      <Filter>AtCoder\AtCoder Beginners Selection</Filter>
    </ClInclude>
    <ClInclude Include="tmp.hpp" />
    <ClInclude Include="AtCoder\AtCoder Beginners Selection\09_DayDream.hpp">
      <Filter>AtCoder\AtCoder Beginners Selection</Filter>
    </ClInclude>
    <ClInclude Include="DP\QiitaDP.hpp">
      <Filter>DP</Filter>
    </ClInclude>
    <ClInclude Include="AOJ\DPL\01_Combinatorial\A_CoinChargingProblem.hpp">
      <Filter>AOJ\DPL\01_Combinatiorial</Filter>
    </ClInclude>
    <ClInclude Include="AOJ\DPL\01_Combinatorial\B_01_Knapsack.hpp">
      <Filter>AOJ\DPL\01_Combinatiorial</Filter>
    </ClInclude>
    <ClInclude Include="AOJ\DPL\01_Combinatorial\C_Knapsack.hpp">
      <Filter>AOJ\DPL\01_Combinatiorial</Filter>
    </ClInclude>
    <ClInclude Include="AOJ\DPL\01_Combinatorial\D_LongestIncreaseSubsequence.hpp">
      <Filter>AOJ\DPL\01_Combinatiorial</Filter>
    </ClInclude>
    <ClInclude Include="TechFUL\TechFUL_Hackathon_02\02_Test.hpp">
      <Filter>TechFUL\TechFUL_Hackathon_02</Filter>
    </ClInclude>
    <ClInclude Include="TechFUL\TechFUL_Hackathon_02\03_HowManyAnimals.hpp">
      <Filter>TechFUL\TechFUL_Hackathon_02</Filter>
    </ClInclude>
    <ClInclude Include="TechFUL\TechFUL_Hackathon_02\04_SubNine.hpp">
      <Filter>TechFUL\TechFUL_Hackathon_02</Filter>
    </ClInclude>
    <ClInclude Include="TechFUL\TechFUL_Hackathon_02\05_DrawShape.hpp">
      <Filter>TechFUL\TechFUL_Hackathon_02</Filter>
    </ClInclude>
    <ClInclude Include="TechFUL\TechFUL_Hackathon_02\06_Baisuu.hpp">
      <Filter>TechFUL\TechFUL_Hackathon_02</Filter>
    </ClInclude>
    <ClInclude Include="TechFUL\TechFUL_Hackathon_02\07_Kuji.hpp">
      <Filter>TechFUL\TechFUL_Hackathon_02</Filter>
    </ClInclude>
    <ClInclude Include="TechFUL\TechFUL_Hackathon_02\08_Maze.hpp">
      <Filter>TechFUL\TechFUL_Hackathon_02</Filter>
    </ClInclude>
    <ClInclude Include="TechFUL\TechFUL_Hackathon_02\09_StringPattern.hpp">
      <Filter>TechFUL\TechFUL_Hackathon_02</Filter>
    </ClInclude>
    <ClInclude Include="TechFUL\TechFUL_Hackathon_02\10_Matching.hpp">
      <Filter>TechFUL\TechFUL_Hackathon_02</Filter>
    </ClInclude>
  </ItemGroup>
</Project>